
Microsoft Visual Studio Solution File, Format Version 12.00
# Visual Studio Version 17
VisualStudioVersion = 17.14.36414.22
MinimumVisualStudioVersion = 10.0.40219.1
Project("{FAE04EC0-301F-11D3-BF4B-00C04F79EFBC}") = "DMCorp.Framework.Basics", "DMCorp.Framework.Basics\DMCorp.Framework.Basics.csproj", "{83924639-0578-4D3B-B06D-965AC586BE43}"
EndProject
Project("{FAE04EC0-301F-11D3-BF4B-00C04F79EFBC}") = "DMCorp.Framework.StateMachine", "DMCorp.Framework.StateMachine\DMCorp.Framework.StateMachine.csproj", "{9394AF46-6D39-49A0-AEB7-55AA945878CF}"
EndProject
Project("{2150E333-8FDC-42A3-9474-1A3956D46DE8}") = "Solution Items", "Solution Items", "{8EC462FD-D22E-90A8-E5CE-7E832BA40C5D}"
	ProjectSection(SolutionItems) = preProject
		LogoBigYoutube.jpg = LogoBigYoutube.jpg
		README.md = README.md
	EndProjectSection
EndProject
Global
	GlobalSection(SolutionConfigurationPlatforms) = preSolution
		Debug|Any CPU = Debug|Any CPU
		Release|Any CPU = Release|Any CPU
	EndGlobalSection
	GlobalSection(ProjectConfigurationPlatforms) = postSolution
		{83924639-0578-4D3B-B06D-965AC586BE43}.Debug|Any CPU.ActiveCfg = Debug|Any CPU
		{83924639-0578-4D3B-B06D-965AC586BE43}.Debug|Any CPU.Build.0 = Debug|Any CPU
		{83924639-0578-4D3B-B06D-965AC586BE43}.Release|Any CPU.ActiveCfg = Release|Any CPU
		{83924639-0578-4D3B-B06D-965AC586BE43}.Release|Any CPU.Build.0 = Release|Any CPU
		{9394AF46-6D39-49A0-AEB7-55AA945878CF}.Debug|Any CPU.ActiveCfg = Debug|Any CPU
		{9394AF46-6D39-49A0-AEB7-55AA945878CF}.Debug|Any CPU.Build.0 = Debug|Any CPU
		{9394AF46-6D39-49A0-AEB7-55AA945878CF}.Release|Any CPU.ActiveCfg = Release|Any CPU
		{9394AF46-6D39-49A0-AEB7-55AA945878CF}.Release|Any CPU.Build.0 = Release|Any CPU
	EndGlobalSection
	GlobalSection(SolutionProperties) = preSolution
		HideSolutionNode = FALSE
	EndGlobalSection
	GlobalSection(ExtensibilityGlobals) = postSolution
		SolutionGuid = {437329F0-3B73-429C-AE45-AE31F1095ED9}
	EndGlobalSection
EndGlobal
